// !$*UTF8*$!
{
	archiveVersion = 1;
	classes = {
	};
	objectVersion = 50;
	objects = {

/* Begin PBXBuildFile section */
		C44311DA237B00CC000A311E /* AppDelegate.swift in Sources */ = {isa = PBXBuildFile; fileRef = C44311D9237B00CC000A311E /* AppDelegate.swift */; };
		C44311DC237B00CC000A311E /* SceneDelegate.swift in Sources */ = {isa = PBXBuildFile; fileRef = C44311DB237B00CC000A311E /* SceneDelegate.swift */; };
		C44311DE237B00CC000A311E /* ViewController.swift in Sources */ = {isa = PBXBuildFile; fileRef = C44311DD237B00CC000A311E /* ViewController.swift */; };
		C44311E1237B00CC000A311E /* Main.storyboard in Resources */ = {isa = PBXBuildFile; fileRef = C44311DF237B00CC000A311E /* Main.storyboard */; };
		C44311E3237B00CD000A311E /* Assets.xcassets in Resources */ = {isa = PBXBuildFile; fileRef = C44311E2237B00CD000A311E /* Assets.xcassets */; };
		C44311E6237B00CD000A311E /* LaunchScreen.storyboard in Resources */ = {isa = PBXBuildFile; fileRef = C44311E4237B00CD000A311E /* LaunchScreen.storyboard */; };
		C44311EE237B01B3000A311E /* SwiftTopics.swift in Sources */ = {isa = PBXBuildFile; fileRef = C44311ED237B01B3000A311E /* SwiftTopics.swift */; };
/* End PBXBuildFile section */

/* Begin PBXFileReference section */
		C44311D6237B00CC000A311E /* SwiftTopics.app */ = {isa = PBXFileReference; explicitFileType = wrapper.application; includeInIndex = 0; path = SwiftTopics.app; sourceTree = BUILT_PRODUCTS_DIR; };
		C44311D9237B00CC000A311E /* AppDelegate.swift */ = {isa = PBXFileReference; lastKnownFileType = sourcecode.swift; path = AppDelegate.swift; sourceTree = "<group>"; };
		C44311DB237B00CC000A311E /* SceneDelegate.swift */ = {isa = PBXFileReference; lastKnownFileType = sourcecode.swift; path = SceneDelegate.swift; sourceTree = "<group>"; };
		C44311DD237B00CC000A311E /* ViewController.swift */ = {isa = PBXFileReference; lastKnownFileType = sourcecode.swift; path = ViewController.swift; sourceTree = "<group>"; };
		C44311E0237B00CC000A311E /* Base */ = {isa = PBXFileReference; lastKnownFileType = file.storyboard; name = Base; path = Base.lproj/Main.storyboard; sourceTree = "<group>"; };
		C44311E2237B00CD000A311E /* Assets.xcassets */ = {isa = PBXFileReference; lastKnownFileType = folder.assetcatalog; path = Assets.xcassets; sourceTree = "<group>"; };
		C44311E5237B00CD000A311E /* Base */ = {isa = PBXFileReference; lastKnownFileType = file.storyboard; name = Base; path = Base.lproj/LaunchScreen.storyboard; sourceTree = "<group>"; };
		C44311E7237B00CD000A311E /* Info.plist */ = {isa = PBXFileReference; lastKnownFileType = text.plist.xml; path = Info.plist; sourceTree = "<group>"; };
		C44311ED237B01B3000A311E /* SwiftTopics.swift */ = {isa = PBXFileReference; lastKnownFileType = sourcecode.swift; path = SwiftTopics.swift; sourceTree = "<group>"; };
/* End PBXFileReference section */

/* Begin PBXFrameworksBuildPhase section */
		C44311D3237B00CC000A311E /* Frameworks */ = {
			isa = PBXFrameworksBuildPhase;
			buildActionMask = 2147483647;
			files = (
			);
			runOnlyForDeploymentPostprocessing = 0;
		};
/* End PBXFrameworksBuildPhase section */

/* Begin PBXGroup section */
		C44311CD237B00CC000A311E = {
			isa = PBXGroup;
			children = (
				C44311D8237B00CC000A311E /* SwiftTopics */,
				C44311D7237B00CC000A311E /* Products */,
			);
			sourceTree = "<group>";
		};
		C44311D7237B00CC000A311E /* Products */ = {
			isa = PBXGroup;
			children = (
				C44311D6237B00CC000A311E /* SwiftTopics.app */,
			);
			name = Products;
			sourceTree = "<group>";
		};
		C44311D8237B00CC000A311E /* SwiftTopics */ = {
			isa = PBXGroup;
			children = (
				C44311D9237B00CC000A311E /* AppDelegate.swift */,
				C44311DB237B00CC000A311E /* SceneDelegate.swift */,
				C44311DD237B00CC000A311E /* ViewController.swift */,
				C44311DF237B00CC000A311E /* Main.storyboard */,
				C44311ED237B01B3000A311E /* SwiftTopics.swift */,
				C44311E2237B00CD000A311E /* Assets.xcassets */,
				C44311E4237B00CD000A311E /* LaunchScreen.storyboard */,
				C44311E7237B00CD000A311E /* Info.plist */,
			);
			path = SwiftTopics;
			sourceTree = "<group>";
		};
/* End PBXGroup section */

/* Begin PBXNativeTarget section */
		C44311D5237B00CC000A311E /* SwiftTopics */ = {
			isa = PBXNativeTarget;
			buildConfigurationList = C44311EA237B00CD000A311E /* Build configuration list for PBXNativeTarget "SwiftTopics" */;
			buildPhases = (
				C44311D2237B00CC000A311E /* Sources */,
				C44311D3237B00CC000A311E /* Frameworks */,
				C44311D4237B00CC000A311E /* Resources */,
			);
			buildRules = (
			);
			dependencies = (
			);
			name = SwiftTopics;
			productName = SwiftTopics;
			productReference = C44311D6237B00CC000A311E /* SwiftTopics.app */;
			productType = "com.apple.product-type.application";
		};
/* End PBXNativeTarget section */

/* Begin PBXProject section */
		C44311CE237B00CC000A311E /* Project object */ = {
			isa = PBXProject;
			attributes = {
				LastSwiftUpdateCheck = 1120;
				LastUpgradeCheck = 1120;
				ORGANIZATIONNAME = "Cameron Rivera";
				TargetAttributes = {
					C44311D5237B00CC000A311E = {
						CreatedOnToolsVersion = 11.2;
					};
				};
			};
			buildConfigurationList = C44311D1237B00CC000A311E /* Build configuration list for PBXProject "SwiftTopics" */;
			compatibilityVersion = "Xcode 9.3";
			developmentRegion = en;
			hasScannedForEncodings = 0;
			knownRegions = (
				en,
				Base,
			);
			mainGroup = C44311CD237B00CC000A311E;
			productRefGroup = C44311D7237B00CC000A311E /* Products */;
			projectDirPath = "";
			projectRoot = "";
			targets = (
				C44311D5237B00CC000A311E /* SwiftTopics */,
			);
		};
/* End PBXProject section */

/* Begin PBXResourcesBuildPhase section */
		C44311D4237B00CC000A311E /* Resources */ = {
			isa = PBXResourcesBuildPhase;
			buildActionMask = 2147483647;
			files = (
				C44311E6237B00CD000A311E /* LaunchScreen.storyboard in Resources */,
				C44311E3237B00CD000A311E /* Assets.xcassets in Resources */,
				C44311E1237B00CC000A311E /* Main.storyboard in Resources */,
			);
			runOnlyForDeploymentPostprocessing = 0;
		};
/* End PBXResourcesBuildPhase section */

/* Begin PBXSourcesBuildPhase section */
		C44311D2237B00CC000A311E /* Sources */ = {
			isa = PBXSourcesBuildPhase;
			buildActionMask = 2147483647;
			files = (
				C44311DE237B00CC000A311E /* ViewController.swift in Sources */,
				C44311DA237B00CC000A311E /* AppDelegate.swift in Sources */,
				C44311DC237B00CC000A311E /* SceneDelegate.swift in Sources */,
				C44311EE237B01B3000A311E /* SwiftTopics.swift in Sources */,
			);
			runOnlyForDeploymentPostprocessing = 0;
		};
/* End PBXSourcesBuildPhase section */

/* Begin PBXVariantGroup section */
		C44311DF237B00CC000A311E /* Main.storyboard */ = {
			isa = PBXVariantGroup;
			children = (
				C44311E0237B00CC000A311E /* Base */,
			);
			name = Main.storyboard;
			sourceTree = "<group>";
		};
		C44311E4237B00CD000A311E /* LaunchScreen.storyboard */ = {
			isa = PBXVariantGroup;
			children = (
				C44311E5237B00CD000A311E /* Base */,
			);
			name = LaunchScreen.storyboard;
			sourceTree = "<group>";
		};
/* End PBXVariantGroup section */

/* Begin XCBuildConfiguration section */
		C44311E8237B00CD000A311E /* Debug */ = {
			isa = XCBuildConfiguration;
			buildSettings = {
				ALWAYS_SEARCH_USER_PATHS = NO;
				CLANG_ANALYZER_NONNULL = YES;
				CLANG_ANALYZER_NUMBER_OBJECT_CONVERSION = YES_AGGRESSIVE;
				CLANG_CXX_LANGUAGE_STANDARD = "gnu++14";
				CLANG_CXX_LIBRARY = "libc++";
				CLANG_ENABLE_MODULES = YES;
				CLANG_ENABLE_OBJC_ARC = YES;
				CLANG_ENABLE_OBJC_WEAK = YES;
				CLANG_WARN_BLOCK_CAPTURE_AUTORELEASING = YES;
				CLANG_WARN_BOOL_CONVERSION = YES;
				CLANG_WARN_COMMA = YES;
				CLANG_WARN_CONSTANT_CONVERSION = YES;
				CLANG_WARN_DEPRECATED_OBJC_IMPLEMENTATIONS = YES;
				CLANG_WARN_DIRECT_OBJC_ISA_USAGE = YES_ERROR;
				CLANG_WARN_DOCUMENTATION_COMMENTS = YES;
				CLANG_WARN_EMPTY_BODY = YES;
				CLANG_WARN_ENUM_CONVERSION = YES;
				CLANG_WARN_INFINITE_RECURSION = YES;
				CLANG_WARN_INT_CONVERSION = YES;
				CLANG_WARN_NON_LITERAL_NULL_CONVERSION = YES;
				CLANG_WARN_OBJC_IMPLICIT_RETAIN_SELF = YES;
				CLANG_WARN_OBJC_LITERAL_CONVERSION = YES;
				CLANG_WARN_OBJC_ROOT_CLASS = YES_ERROR;
				CLANG_WARN_RANGE_LOOP_ANALYSIS = YES;
				CLANG_WARN_STRICT_PROTOTYPES = YES;
				CLANG_WARN_SUSPICIOUS_MOVE = YES;
				CLANG_WARN_UNGUARDED_AVAILABILITY = YES_AGGRESSIVE;
				CLANG_WARN_UNREACHABLE_CODE = YES;
				CLANG_WARN__DUPLICATE_METHOD_MATCH = YES;
				COPY_PHASE_STRIP = NO;
				DEBUG_INFORMATION_FORMAT = dwarf;
				ENABLE_STRICT_OBJC_MSGSEND = YES;
				ENABLE_TESTABILITY = YES;
				GCC_C_LANGUAGE_STANDARD = gnu11;
				GCC_DYNAMIC_NO_PIC = NO;
				GCC_NO_COMMON_BLOCKS = YES;
				GCC_OPTIMIZATION_LEVEL = 0;
				GCC_PREPROCESSOR_DEFINITIONS = (
					"DEBUG=1",
					"$(inherited)",
				);
				GCC_WARN_64_TO_32_BIT_CONVERSION = YES;
				GCC_WARN_ABOUT_RETURN_TYPE = YES_ERROR;
				GCC_WARN_UNDECLARED_SELECTOR = YES;
				GCC_WARN_UNINITIALIZED_AUTOS = YES_AGGRESSIVE;
				GCC_WARN_UNUSED_FUNCTION = YES;
				GCC_WARN_UNUSED_VARIABLE = YES;
				IPHONEOS_DEPLOYMENT_TARGET = 13.2;
				MTL_ENABLE_DEBUG_INFO = INCLUDE_SOURCE;
				MTL_FAST_MATH = YES;
				ONLY_ACTIVE_ARCH = YES;
				SDKROOT = iphoneos;
				SWIFT_ACTIVE_COMPILATION_CONDITIONS = DEBUG;
				SWIFT_OPTIMIZATION_LEVEL = "-Onone";
			};
			name = Debug;
		};
		C44311E9237B00CD000A311E /* Release */ = {
			isa = XCBuildConfiguration;
			buildSettings = {
				ALWAYS_SEARCH_USER_PATHS = NO;
				CLANG_ANALYZER_NONNULL = YES;
				CLANG_ANALYZER_NUMBER_OBJECT_CONVERSION = YES_AGGRESSIVE;
				CLANG_CXX_LANGUAGE_STANDARD = "gnu++14";
				CLANG_CXX_LIBRARY = "libc++";
				CLANG_ENABLE_MODULES = YES;
				CLANG_ENABLE_OBJC_ARC = YES;
				CLANG_ENABLE_OBJC_WEAK = YES;
				CLANG_WARN_BLOCK_CAPTURE_AUTORELEASING = YES;
				CLANG_WARN_BOOL_CONVERSION = YES;
				CLANG_WARN_COMMA = YES;
				CLANG_WARN_CONSTANT_CONVERSION = YES;
				CLANG_WARN_DEPRECATED_OBJC_IMPLEMENTATIONS = YES;
				CLANG_WARN_DIRECT_OBJC_ISA_USAGE = YES_ERROR;
				CLANG_WARN_DOCUMENTATION_COMMENTS = YES;
				CLANG_WARN_EMPTY_BODY = YES;
				CLANG_WARN_ENUM_CONVERSION = YES;
				CLANG_WARN_INFINITE_RECURSION = YES;
				CLANG_WARN_INT_CONVERSION = YES;
				CLANG_WARN_NON_LITERAL_NULL_CONVERSION = YES;
				CLANG_WARN_OBJC_IMPLICIT_RETAIN_SELF = YES;
				CLANG_WARN_OBJC_LITERAL_CONVERSION = YES;
				CLANG_WARN_OBJC_ROOT_CLASS = YES_ERROR;
				CLANG_WARN_RANGE_LOOP_ANALYSIS = YES;
				CLANG_WARN_STRICT_PROTOTYPES = YES;
				CLANG_WARN_SUSPICIOUS_MOVE = YES;
				CLANG_WARN_UNGUARDED_AVAILABILITY = YES_AGGRESSIVE;
				CLANG_WARN_UNREACHABLE_CODE = YES;
				CLANG_WARN__DUPLICATE_METHOD_MATCH = YES;
				COPY_PHASE_STRIP = NO;
				DEBUG_INFORMATION_FORMAT = "dwarf-with-dsym";
				ENABLE_NS_ASSERTIONS = NO;
				ENABLE_STRICT_OBJC_MSGSEND = YES;
				GCC_C_LANGUAGE_STANDARD = gnu11;
				GCC_NO_COMMON_BLOCKS = YES;
				GCC_WARN_64_TO_32_BIT_CONVERSION = YES;
				GCC_WARN_ABOUT_RETURN_TYPE = YES_ERROR;
				GCC_WARN_UNDECLARED_SELECTOR = YES;
				GCC_WARN_UNINITIALIZED_AUTOS = YES_AGGRESSIVE;
				GCC_WARN_UNUSED_FUNCTION = YES;
				GCC_WARN_UNUSED_VARIABLE = YES;
				IPHONEOS_DEPLOYMENT_TARGET = 13.2;
				MTL_ENABLE_DEBUG_INFO = NO;
				MTL_FAST_MATH = YES;
				SDKROOT = iphoneos;
				SWIFT_COMPILATION_MODE = wholemodule;
				SWIFT_OPTIMIZATION_LEVEL = "-O";
				VALIDATE_PRODUCT = YES;
			};
			name = Release;
		};
		C44311EB237B00CD000A311E /* Debug */ = {
			isa = XCBuildConfiguration;
			buildSettings = {
				ASSETCATALOG_COMPILER_APPICON_NAME = AppIcon;
				CODE_SIGN_STYLE = Automatic;
				DEVELOPMENT_TEAM = 6D2PJ2UC46;
				INFOPLIST_FILE = SwiftTopics/Info.plist;
				LD_RUNPATH_SEARCH_PATHS = (
					"$(inherited)",
					"@executable_path/Frameworks",
				);
				PRODUCT_BUNDLE_IDENTIFIER = com.cameronrivera.SwiftTopics;
				PRODUCT_NAME = "$(TARGET_NAME)";
				SWIFT_VERSION = 5.0;
				TARGETED_DEVICE_FAMILY = "1,2";
			};
			name = Debug;
		};
		C44311EC237B00CD000A311E /* Release */ = {
			isa = XCBuildConfiguration;
			buildSettings = {
				ASSETCATALOG_COMPILER_APPICON_NAME = AppIcon;
				CODE_SIGN_STYLE = Automatic;
				DEVELOPMENT_TEAM = 6D2PJ2UC46;
				INFOPLIST_FILE = SwiftTopics/Info.plist;
				LD_RUNPATH_SEARCH_PATHS = (
					"$(inherited)",
					"@executable_path/Frameworks",
				);
				PRODUCT_BUNDLE_IDENTIFIER = com.cameronrivera.SwiftTopics;
				PRODUCT_NAME = "$(TARGET_NAME)";
				SWIFT_VERSION = 5.0;
				TARGETED_DEVICE_FAMILY = "1,2";
			};
			name = Release;
		};
/* End XCBuildConfiguration section */

/* Begin XCConfigurationList section */
		C44311D1237B00CC000A311E /* Build configuration list for PBXProject "SwiftTopics" */ = {
			isa = XCConfigurationList;
			buildConfigurations = (
				C44311E8237B00CD000A311E /* Debug */,
				C44311E9237B00CD000A311E /* Release */,
			);
			defaultConfigurationIsVisible = 0;
			defaultConfigurationName = Release;
		};
		C44311EA237B00CD000A311E /* Build configuration list for PBXNativeTarget "SwiftTopics" */ = {
			isa = XCConfigurationList;
			buildConfigurations = (
				C44311EB237B00CD000A311E /* Debug */,
				C44311EC237B00CD000A311E /* Release */,
			);
			defaultConfigurationIsVisible = 0;
			defaultConfigurationName = Release;
		};
/* End XCConfigurationList section */
	};
	rootObject = C44311CE237B00CC000A311E /* Project object */;
}
